
Microsoft Visual Studio Solution File, Format Version 12.00
# Visual Studio Version 17
VisualStudioVersion = 17.11.35312.102
MinimumVisualStudioVersion = 10.0.40219.1
Project("{54A90642-561A-4BB1-A94E-469ADEE60C69}") = "todowebapp", "TodoWebApp\todowebapp.esproj", "{CBB7DDA1-A091-4285-B8BD-3ED02DBBFB79}"
EndProject
Global
	GlobalSection(SolutionConfigurationPlatforms) = preSolution
		Debug|Any CPU = Debug|Any CPU
		Release|Any CPU = Release|Any CPU
	EndGlobalSection
	GlobalSection(ProjectConfigurationPlatforms) = postSolution
		{CBB7DDA1-A091-4285-B8BD-3ED02DBBFB79}.Debug|Any CPU.ActiveCfg = Debug|Any CPU
		{CBB7DDA1-A091-4285-B8BD-3ED02DBBFB79}.Debug|Any CPU.Build.0 = Debug|Any CPU
		{CBB7DDA1-A091-4285-B8BD-3ED02DBBFB79}.Debug|Any CPU.Deploy.0 = Debug|Any CPU
		{CBB7DDA1-A091-4285-B8BD-3ED02DBBFB79}.Release|Any CPU.ActiveCfg = Release|Any CPU
		{CBB7DDA1-A091-4285-B8BD-3ED02DBBFB79}.Release|Any CPU.Build.0 = Release|Any CPU
		{CBB7DDA1-A091-4285-B8BD-3ED02DBBFB79}.Release|Any CPU.Deploy.0 = Release|Any CPU
	EndGlobalSection
	GlobalSection(SolutionProperties) = preSolution
		HideSolutionNode = FALSE
	EndGlobalSection
	GlobalSection(ExtensibilityGlobals) = postSolution
		SolutionGuid = {CD279E1D-3494-4E96-A7C2-B3216BA140F8}
	EndGlobalSection
EndGlobal
